
Microsoft Visual Studio Solution File, Format Version 11.00
# Visual Studio 2010
Project("{FAE04EC0-301F-11D3-BF4B-00C04F79EFBC}") = "BDDForNUnit", "BDDForNUnit\BDDForNUnit.csproj", "{FB3EA0A3-137A-4969-88AD-F3EA0853F714}"
EndProject
Project("{FAE04EC0-301F-11D3-BF4B-00C04F79EFBC}") = "BDDForNUnit.Attributes", "BDDForNUnit.Attributes\BDDForNUnit.Attributes.csproj", "{13F7EBA0-D666-4117-AEF8-0567E1D5E826}"
EndProject
Project("{FAE04EC0-301F-11D3-BF4B-00C04F79EFBC}") = "BDDForNUnit.Test", "BDDForNUnit.Test\BDDForNUnit.Test.csproj", "{0E12D365-FF45-453D-B5B5-2D5658003E61}"
EndProject
Global
	GlobalSection(SolutionConfigurationPlatforms) = preSolution
		Debug|Any CPU = Debug|Any CPU
		Release|Any CPU = Release|Any CPU
	EndGlobalSection
	GlobalSection(ProjectConfigurationPlatforms) = postSolution
		{FB3EA0A3-137A-4969-88AD-F3EA0853F714}.Debug|Any CPU.ActiveCfg = Debug|Any CPU
		{FB3EA0A3-137A-4969-88AD-F3EA0853F714}.Debug|Any CPU.Build.0 = Debug|Any CPU
		{FB3EA0A3-137A-4969-88AD-F3EA0853F714}.Release|Any CPU.ActiveCfg = Release|Any CPU
		{FB3EA0A3-137A-4969-88AD-F3EA0853F714}.Release|Any CPU.Build.0 = Release|Any CPU
		{13F7EBA0-D666-4117-AEF8-0567E1D5E826}.Debug|Any CPU.ActiveCfg = Debug|Any CPU
		{13F7EBA0-D666-4117-AEF8-0567E1D5E826}.Debug|Any CPU.Build.0 = Debug|Any CPU
		{13F7EBA0-D666-4117-AEF8-0567E1D5E826}.Release|Any CPU.ActiveCfg = Release|Any CPU
		{13F7EBA0-D666-4117-AEF8-0567E1D5E826}.Release|Any CPU.Build.0 = Release|Any CPU
		{0E12D365-FF45-453D-B5B5-2D5658003E61}.Debug|Any CPU.ActiveCfg = Debug|Any CPU
		{0E12D365-FF45-453D-B5B5-2D5658003E61}.Debug|Any CPU.Build.0 = Debug|Any CPU
		{0E12D365-FF45-453D-B5B5-2D5658003E61}.Release|Any CPU.ActiveCfg = Release|Any CPU
		{0E12D365-FF45-453D-B5B5-2D5658003E61}.Release|Any CPU.Build.0 = Release|Any CPU
	EndGlobalSection
	GlobalSection(SolutionProperties) = preSolution
		HideSolutionNode = FALSE
	EndGlobalSection
EndGlobal
